
Microsoft Visual Studio Solution File, Format Version 12.00
# Visual Studio Version 17
VisualStudioVersion = 17.0.32014.148
MinimumVisualStudioVersion = 10.0.40219.1
Project("{9A19103F-16F7-4668-BE54-9A1E7A4F7556}") = "Todo.WebApi", "Todo.WebApi\Todo.WebApi.csproj", "{571591FC-A283-4C5B-B41D-4A5593AA77C2}"
EndProject
Project("{9A19103F-16F7-4668-BE54-9A1E7A4F7556}") = "Todo.Application", "Todo.Application\Todo.Application.csproj", "{928CA4D1-09A3-4622-9257-22EC1E59A5A2}"
EndProject
Project("{9A19103F-16F7-4668-BE54-9A1E7A4F7556}") = "Todo.Domain", "Todo.Domain\Todo.Domain.csproj", "{EC0A2C83-F852-4454-893E-27239E88C88D}"
EndProject
Project("{9A19103F-16F7-4668-BE54-9A1E7A4F7556}") = "Todo.Infrastructure", "Todo.Infrastructure\Todo.Infrastructure.csproj", "{56016EF6-919E-4221-8EDA-BDA7B83B4DB3}"
EndProject
Project("{2150E333-8FDC-42A3-9474-1A3956D46DE8}") = "Solution Items", "Solution Items", "{7DD3298F-6EF3-44B4-B796-A4E21D5289E2}"
	ProjectSection(SolutionItems) = preProject
		.editorconfig = .editorconfig
		README.md = README.md
	EndProjectSection
EndProject
Project("{9A19103F-16F7-4668-BE54-9A1E7A4F7556}") = "Todo.WebApi.E2eTests", "Todo.WebApi.E2eTests\Todo.WebApi.E2eTests.csproj", "{C7BECD36-8845-44DA-A851-C8924109A1AA}"
EndProject
Global
	GlobalSection(SolutionConfigurationPlatforms) = preSolution
		Debug|Any CPU = Debug|Any CPU
		Release|Any CPU = Release|Any CPU
	EndGlobalSection
	GlobalSection(ProjectConfigurationPlatforms) = postSolution
		{571591FC-A283-4C5B-B41D-4A5593AA77C2}.Debug|Any CPU.ActiveCfg = Debug|Any CPU
		{571591FC-A283-4C5B-B41D-4A5593AA77C2}.Debug|Any CPU.Build.0 = Debug|Any CPU
		{571591FC-A283-4C5B-B41D-4A5593AA77C2}.Release|Any CPU.ActiveCfg = Release|Any CPU
		{571591FC-A283-4C5B-B41D-4A5593AA77C2}.Release|Any CPU.Build.0 = Release|Any CPU
		{928CA4D1-09A3-4622-9257-22EC1E59A5A2}.Debug|Any CPU.ActiveCfg = Debug|Any CPU
		{928CA4D1-09A3-4622-9257-22EC1E59A5A2}.Debug|Any CPU.Build.0 = Debug|Any CPU
		{928CA4D1-09A3-4622-9257-22EC1E59A5A2}.Release|Any CPU.ActiveCfg = Release|Any CPU
		{928CA4D1-09A3-4622-9257-22EC1E59A5A2}.Release|Any CPU.Build.0 = Release|Any CPU
		{EC0A2C83-F852-4454-893E-27239E88C88D}.Debug|Any CPU.ActiveCfg = Debug|Any CPU
		{EC0A2C83-F852-4454-893E-27239E88C88D}.Debug|Any CPU.Build.0 = Debug|Any CPU
		{EC0A2C83-F852-4454-893E-27239E88C88D}.Release|Any CPU.ActiveCfg = Release|Any CPU
		{EC0A2C83-F852-4454-893E-27239E88C88D}.Release|Any CPU.Build.0 = Release|Any CPU
		{56016EF6-919E-4221-8EDA-BDA7B83B4DB3}.Debug|Any CPU.ActiveCfg = Debug|Any CPU
		{56016EF6-919E-4221-8EDA-BDA7B83B4DB3}.Debug|Any CPU.Build.0 = Debug|Any CPU
		{56016EF6-919E-4221-8EDA-BDA7B83B4DB3}.Release|Any CPU.ActiveCfg = Release|Any CPU
		{56016EF6-919E-4221-8EDA-BDA7B83B4DB3}.Release|Any CPU.Build.0 = Release|Any CPU
		{C7BECD36-8845-44DA-A851-C8924109A1AA}.Debug|Any CPU.ActiveCfg = Debug|Any CPU
		{C7BECD36-8845-44DA-A851-C8924109A1AA}.Debug|Any CPU.Build.0 = Debug|Any CPU
		{C7BECD36-8845-44DA-A851-C8924109A1AA}.Release|Any CPU.ActiveCfg = Release|Any CPU
		{C7BECD36-8845-44DA-A851-C8924109A1AA}.Release|Any CPU.Build.0 = Release|Any CPU
	EndGlobalSection
	GlobalSection(SolutionProperties) = preSolution
		HideSolutionNode = FALSE
	EndGlobalSection
	GlobalSection(ExtensibilityGlobals) = postSolution
		SolutionGuid = {304C09A5-723E-468F-B787-20B62FE2607F}
	EndGlobalSection
EndGlobal
